
Microsoft Visual Studio Solution File, Format Version 12.00
# Visual Studio Version 16
VisualStudioVersion = 16.0.31702.278
MinimumVisualStudioVersion = 10.0.40219.1
Project("{FAE04EC0-301F-11D3-BF4B-00C04F79EFBC}") = "Laboratorka2_7", "Laboratorka2_7\Laboratorka2_7.csproj", "{CA9D7543-8540-4F7B-9AA1-949F06C78971}"
EndProject
Global
	GlobalSection(SolutionConfigurationPlatforms) = preSolution
		Debug|Any CPU = Debug|Any CPU
		Release|Any CPU = Release|Any CPU
	EndGlobalSection
	GlobalSection(ProjectConfigurationPlatforms) = postSolution
		{CA9D7543-8540-4F7B-9AA1-949F06C78971}.Debug|Any CPU.ActiveCfg = Debug|Any CPU
		{CA9D7543-8540-4F7B-9AA1-949F06C78971}.Debug|Any CPU.Build.0 = Debug|Any CPU
		{CA9D7543-8540-4F7B-9AA1-949F06C78971}.Release|Any CPU.ActiveCfg = Release|Any CPU
		{CA9D7543-8540-4F7B-9AA1-949F06C78971}.Release|Any CPU.Build.0 = Release|Any CPU
	EndGlobalSection
	GlobalSection(SolutionProperties) = preSolution
		HideSolutionNode = FALSE
	EndGlobalSection
	GlobalSection(ExtensibilityGlobals) = postSolution
		SolutionGuid = {EA14A077-816B-4CDB-8745-F123D1556DCD}
	EndGlobalSection
EndGlobal
